{
  "version": 4,
  "terraform_version": "1.5.7",
  "serial": 130,
  "lineage": "d42763a4-1e22-ff2f-a128-b8fdc915dcdd",
  "outputs": {
    "receiver_ip": {
      "value": "13.214.220.11",
      "type": "string"
    },
    "sender_ip": {
      "value": "54.216.8.66",
      "type": "string"
    }
  },
  "resources": [
    {
      "mode": "managed",
      "type": "aws_key_pair",
      "name": "qdap_ireland",
      "provider": "provider[\"registry.terraform.io/hashicorp/aws\"].ireland",
      "instances": [
        {
          "schema_version": 1,
          "attributes": {
            "arn": "arn:aws:ec2:eu-west-1:442908904660:key-pair/qdap-wan-key",
            "fingerprint": "uQBQv1H8DV1zE87uzA391p16sfWdIYtyzb/6eybukB0=",
            "id": "qdap-wan-key",
            "key_name": "qdap-wan-key",
            "key_name_prefix": "",
            "key_pair_id": "key-0571d60bc50fb2d32",
            "key_type": "ed25519",
            "public_key": "ssh-ed25519 AAAAC3NzaC1lZDI1NTE5AAAAIMJD+9gOIjVFB8PKNHepcEH90NOoToFM6C6Bn9NmddFI",
            "tags": null,
            "tags_all": {}
          },
          "sensitive_attributes": [],
          "private": "eyJzY2hlbWFfdmVyc2lvbiI6IjEifQ=="
        }
      ]
    },
    {
      "mode": "managed",
      "type": "aws_key_pair",
      "name": "qdap_singapore",
      "provider": "provider[\"registry.terraform.io/hashicorp/aws\"].singapore",
      "instances": [
        {
          "schema_version": 1,
          "attributes": {
            "arn": "arn:aws:ec2:ap-southeast-1:442908904660:key-pair/qdap-wan-key",
            "fingerprint": "R3M07jCP4nVmO3qA1lgTdnB4OqHwMZbqTgdWoN42LKY=",
            "id": "qdap-wan-key",
            "key_name": "qdap-wan-key",
            "key_name_prefix": "",
            "key_pair_id": "key-0146e4aa887c4931b",
            "key_type": "ed25519",
            "public_key": "ssh-ed25519 AAAAC3NzaC1lZDI1NTE5AAAAIEndvJJGryxbq3DoQ4rm1277zifoDjbLJG2J3toiONHU",
            "tags": null,
            "tags_all": {}
          },
          "sensitive_attributes": [],
          "private": "eyJzY2hlbWFfdmVyc2lvbiI6IjEifQ=="
        }
      ]
    },
    {
      "mode": "managed",
      "type": "aws_security_group",
      "name": "qdap_sg_ireland",
      "provider": "provider[\"registry.terraform.io/hashicorp/aws\"].ireland",
      "instances": [
        {
          "schema_version": 1,
          "attributes": {
            "arn": "arn:aws:ec2:eu-west-1:442908904660:security-group/sg-097d779f330e7d41c",
            "description": "QDAP WAN benchmark",
            "egress": [
              {
                "cidr_blocks": [
                  "0.0.0.0/0"
                ],
                "description": "",
                "from_port": 0,
                "ipv6_cidr_blocks": [],
                "prefix_list_ids": [],
                "protocol": "-1",
                "security_groups": [],
                "self": false,
                "to_port": 0
              }
            ],
            "id": "sg-097d779f330e7d41c",
            "ingress": [
              {
                "cidr_blocks": [
                  "0.0.0.0/0"
                ],
                "description": "",
                "from_port": 19600,
                "ipv6_cidr_blocks": [],
                "prefix_list_ids": [],
                "protocol": "tcp",
                "security_groups": [],
                "self": false,
                "to_port": 19603
              },
              {
                "cidr_blocks": [
                  "0.0.0.0/0"
                ],
                "description": "",
                "from_port": 22,
                "ipv6_cidr_blocks": [],
                "prefix_list_ids": [],
                "protocol": "tcp",
                "security_groups": [],
                "self": false,
                "to_port": 22
              }
            ],
            "name": "qdap-wan-sg",
            "name_prefix": "",
            "owner_id": "442908904660",
            "revoke_rules_on_delete": false,
            "tags": null,
            "tags_all": {},
            "timeouts": null,
            "vpc_id": "vpc-094564f0024f4bbc1"
          },
          "sensitive_attributes": [],
          "private": "eyJlMmJmYjczMC1lY2FhLTExZTYtOGY4OC0zNDM2M2JjN2M0YzAiOnsiY3JlYXRlIjo2MDAwMDAwMDAwMDAsImRlbGV0ZSI6OTAwMDAwMDAwMDAwfSwic2NoZW1hX3ZlcnNpb24iOiIxIn0="
        }
      ]
    },
    {
      "mode": "managed",
      "type": "aws_security_group",
      "name": "qdap_sg_singapore",
      "provider": "provider[\"registry.terraform.io/hashicorp/aws\"].singapore",
      "instances": [
        {
          "schema_version": 1,
          "attributes": {
            "arn": "arn:aws:ec2:ap-southeast-1:442908904660:security-group/sg-0dbf11c264135aadc",
            "description": "QDAP WAN benchmark",
            "egress": [
              {
                "cidr_blocks": [
                  "0.0.0.0/0"
                ],
                "description": "",
                "from_port": 0,
                "ipv6_cidr_blocks": [],
                "prefix_list_ids": [],
                "protocol": "-1",
                "security_groups": [],
                "self": false,
                "to_port": 0
              }
            ],
            "id": "sg-0dbf11c264135aadc",
            "ingress": [
              {
                "cidr_blocks": [
                  "0.0.0.0/0"
                ],
                "description": "",
                "from_port": 19600,
                "ipv6_cidr_blocks": [],
                "prefix_list_ids": [],
                "protocol": "tcp",
                "security_groups": [],
                "self": false,
                "to_port": 19603
              },
              {
                "cidr_blocks": [
                  "0.0.0.0/0"
                ],
                "description": "",
                "from_port": 22,
                "ipv6_cidr_blocks": [],
                "prefix_list_ids": [],
                "protocol": "tcp",
                "security_groups": [],
                "self": false,
                "to_port": 22
              }
            ],
            "name": "qdap-wan-sg",
            "name_prefix": "",
            "owner_id": "442908904660",
            "revoke_rules_on_delete": false,
            "tags": null,
            "tags_all": {},
            "timeouts": null,
            "vpc_id": "vpc-0ef0403397f2a9e51"
          },
          "sensitive_attributes": [],
          "private": "eyJlMmJmYjczMC1lY2FhLTExZTYtOGY4OC0zNDM2M2JjN2M0YzAiOnsiY3JlYXRlIjo2MDAwMDAwMDAwMDAsImRlbGV0ZSI6OTAwMDAwMDAwMDAwfSwic2NoZW1hX3ZlcnNpb24iOiIxIn0="
        }
      ]
    },
    {
      "mode": "managed",
      "type": "aws_spot_instance_request",
      "name": "receiver",
      "provider": "provider[\"registry.terraform.io/hashicorp/aws\"].singapore",
      "instances": [
        {
          "schema_version": 0,
          "attributes": {
            "ami": "ami-0434196a03595d088",
            "arn": null,
            "associate_public_ip_address": true,
            "availability_zone": null,
            "block_duration_minutes": 0,
            "capacity_reservation_specification": null,
            "cpu_core_count": null,
            "cpu_options": null,
            "cpu_threads_per_core": null,
            "credit_specification": [],
            "disable_api_stop": null,
            "disable_api_termination": null,
            "ebs_block_device": [],
            "ebs_optimized": null,
            "enable_primary_ipv6": null,
            "enclave_options": null,
            "ephemeral_block_device": [],
            "get_password_data": false,
            "hibernation": null,
            "host_id": null,
            "host_resource_group_arn": null,
            "iam_instance_profile": null,
            "id": "sir-3qffd6qk",
            "instance_initiated_shutdown_behavior": null,
            "instance_interruption_behavior": "terminate",
            "instance_state": null,
            "instance_type": "t3.micro",
            "ipv6_address_count": 0,
            "ipv6_addresses": [],
            "key_name": "qdap-wan-key",
            "launch_group": "",
            "launch_template": [],
            "maintenance_options": null,
            "metadata_options": null,
            "monitoring": null,
            "network_interface": [],
            "outpost_arn": null,
            "password_data": "",
            "placement_group": null,
            "placement_partition_number": null,
            "primary_network_interface_id": "eni-07d2a13ebf2e21170",
            "private_dns": "ip-172-31-7-36.ap-southeast-1.compute.internal",
            "private_dns_name_options": null,
            "private_ip": "172.31.7.36",
            "public_dns": "ec2-13-214-220-11.ap-southeast-1.compute.amazonaws.com",
            "public_ip": "13.214.220.11",
            "root_block_device": [
              {
                "delete_on_termination": true,
                "device_name": "/dev/sda1",
                "encrypted": false,
                "iops": 100,
                "kms_key_id": "",
                "tags": {},
                "tags_all": {},
                "throughput": 0,
                "volume_id": "vol-03169a4ebf177fab8",
                "volume_size": 8,
                "volume_type": "gp2"
              }
            ],
            "secondary_private_ips": [],
            "security_groups": [
              "qdap-wan-sg"
            ],
            "source_dest_check": true,
            "spot_bid_status": "fulfilled",
            "spot_instance_id": "i-0ffd2be3e224c7ad8",
            "spot_price": "0.050000",
            "spot_request_state": "active",
            "spot_type": "persistent",
            "subnet_id": "subnet-08d53380657b1da92",
            "tags": {
              "Name": "qdap-wan-receiver"
            },
            "tags_all": {
              "Name": "qdap-wan-receiver"
            },
            "tenancy": null,
            "timeouts": null,
            "user_data": "1f6f0ade7baed1a0a6330ee9f6056d5cef49517a",
            "user_data_base64": null,
            "user_data_replace_on_change": false,
            "valid_from": "0001-01-01T00:00:00Z",
            "valid_until": "0001-01-01T00:00:00Z",
            "volume_tags": null,
            "vpc_security_group_ids": [
              "sg-0dbf11c264135aadc"
            ],
            "wait_for_fulfillment": true
          },
          "sensitive_attributes": [],
          "private": "eyJlMmJmYjczMC1lY2FhLTExZTYtOGY4OC0zNDM2M2JjN2M0YzAiOnsiY3JlYXRlIjo2MDAwMDAwMDAwMDAsImRlbGV0ZSI6MTIwMDAwMDAwMDAwMCwicmVhZCI6OTAwMDAwMDAwMDAwfX0=",
          "dependencies": [
            "aws_key_pair.qdap_singapore",
            "aws_security_group.qdap_sg_singapore"
          ]
        }
      ]
    },
    {
      "mode": "managed",
      "type": "aws_spot_instance_request",
      "name": "sender",
      "provider": "provider[\"registry.terraform.io/hashicorp/aws\"].ireland",
      "instances": [
        {
          "schema_version": 0,
          "attributes": {
            "ami": "ami-0f9ae27ecf629cbe3",
            "arn": null,
            "associate_public_ip_address": true,
            "availability_zone": null,
            "block_duration_minutes": 0,
            "capacity_reservation_specification": null,
            "cpu_core_count": null,
            "cpu_options": null,
            "cpu_threads_per_core": null,
            "credit_specification": [],
            "disable_api_stop": null,
            "disable_api_termination": null,
            "ebs_block_device": [],
            "ebs_optimized": null,
            "enable_primary_ipv6": null,
            "enclave_options": null,
            "ephemeral_block_device": [],
            "get_password_data": false,
            "hibernation": null,
            "host_id": null,
            "host_resource_group_arn": null,
            "iam_instance_profile": null,
            "id": "sir-ja8fepyh",
            "instance_initiated_shutdown_behavior": null,
            "instance_interruption_behavior": "terminate",
            "instance_state": null,
            "instance_type": "t3.micro",
            "ipv6_address_count": 0,
            "ipv6_addresses": [],
            "key_name": "qdap-wan-key",
            "launch_group": "",
            "launch_template": [],
            "maintenance_options": null,
            "metadata_options": null,
            "monitoring": null,
            "network_interface": [],
            "outpost_arn": null,
            "password_data": "",
            "placement_group": null,
            "placement_partition_number": null,
            "primary_network_interface_id": "eni-0ed46dedd6911ec8b",
            "private_dns": "ip-172-31-15-50.eu-west-1.compute.internal",
            "private_dns_name_options": null,
            "private_ip": "172.31.15.50",
            "public_dns": "ec2-54-216-8-66.eu-west-1.compute.amazonaws.com",
            "public_ip": "54.216.8.66",
            "root_block_device": [
              {
                "delete_on_termination": true,
                "device_name": "/dev/sda1",
                "encrypted": false,
                "iops": 100,
                "kms_key_id": "",
                "tags": {},
                "tags_all": {},
                "throughput": 0,
                "volume_id": "vol-0d1dca2ae139dd2fe",
                "volume_size": 8,
                "volume_type": "gp2"
              }
            ],
            "secondary_private_ips": [],
            "security_groups": [
              "qdap-wan-sg"
            ],
            "source_dest_check": true,
            "spot_bid_status": "fulfilled",
            "spot_instance_id": "i-0c8f9015028122a65",
            "spot_price": "0.050000",
            "spot_request_state": "active",
            "spot_type": "persistent",
            "subnet_id": "subnet-000fbb4741a02857d",
            "tags": {
              "Name": "qdap-wan-sender"
            },
            "tags_all": {
              "Name": "qdap-wan-sender"
            },
            "tenancy": null,
            "timeouts": null,
            "user_data": "1f6f0ade7baed1a0a6330ee9f6056d5cef49517a",
            "user_data_base64": null,
            "user_data_replace_on_change": false,
            "valid_from": "0001-01-01T00:00:00Z",
            "valid_until": "0001-01-01T00:00:00Z",
            "volume_tags": null,
            "vpc_security_group_ids": [
              "sg-097d779f330e7d41c"
            ],
            "wait_for_fulfillment": true
          },
          "sensitive_attributes": [],
          "private": "eyJlMmJmYjczMC1lY2FhLTExZTYtOGY4OC0zNDM2M2JjN2M0YzAiOnsiY3JlYXRlIjo2MDAwMDAwMDAwMDAsImRlbGV0ZSI6MTIwMDAwMDAwMDAwMCwicmVhZCI6OTAwMDAwMDAwMDAwfX0=",
          "dependencies": [
            "aws_key_pair.qdap_ireland",
            "aws_security_group.qdap_sg_ireland"
          ]
        }
      ]
    }
  ],
  "check_results": null
}
